
Microsoft Visual Studio Solution File, Format Version 12.00
# Visual Studio Version 17
VisualStudioVersion = 17.14.36221.1 d17.14
MinimumVisualStudioVersion = 10.0.40219.1
Project("{8BC9CEB8-8B4A-11D0-8D11-00A0C91BC942}") = "Selfstock", "Selfstock.vcxproj", "{EFBB477A-3F40-47E5-A067-E5AE87316AB6}"
EndProject
Global
	GlobalSection(SolutionConfigurationPlatforms) = preSolution
		Debug|x64 = Debug|x64
		Debug|x86 = Debug|x86
		Release|x64 = Release|x64
		Release|x86 = Release|x86
	EndGlobalSection
	GlobalSection(ProjectConfigurationPlatforms) = postSolution
		{EFBB477A-3F40-47E5-A067-E5AE87316AB6}.Debug|x64.ActiveCfg = Debug|x64
		{EFBB477A-3F40-47E5-A067-E5AE87316AB6}.Debug|x64.Build.0 = Debug|x64
		{EFBB477A-3F40-47E5-A067-E5AE87316AB6}.Debug|x86.ActiveCfg = Debug|Win32
		{EFBB477A-3F40-47E5-A067-E5AE87316AB6}.Debug|x86.Build.0 = Debug|Win32
		{EFBB477A-3F40-47E5-A067-E5AE87316AB6}.Release|x64.ActiveCfg = Release|x64
		{EFBB477A-3F40-47E5-A067-E5AE87316AB6}.Release|x64.Build.0 = Release|x64
		{EFBB477A-3F40-47E5-A067-E5AE87316AB6}.Release|x86.ActiveCfg = Release|Win32
		{EFBB477A-3F40-47E5-A067-E5AE87316AB6}.Release|x86.Build.0 = Release|Win32
	EndGlobalSection
	GlobalSection(SolutionProperties) = preSolution
		HideSolutionNode = FALSE
	EndGlobalSection
	GlobalSection(ExtensibilityGlobals) = postSolution
		SolutionGuid = {00A5BFB4-5D3B-4D42-BF7D-C77DCCA08EA0}
	EndGlobalSection
EndGlobal
